{
  "name": "reprocessing",
  "version": "1.0.0",
  "lockfileVersion": 1,
  "requires": true,
  "dependencies": {
    "@bsansouci/reasongl-web": {
      "version": "0.2.0",
      "resolved": "https://registry.npmjs.org/@bsansouci/reasongl-web/-/reasongl-web-0.2.0.tgz",
      "integrity": "sha512-excFCRsuosM8gIvR9+PQIRwWvfrXzKv1YNYlxxypoAasiNf74UVmZRvvdshLNYY+kjEn4/kBjxyGNg7srWB5AA==",
      "requires": {
        "gl-matrix": "*"
      }
    },
    "bs-platform": {
      "version": "8.3.1",
      "resolved": "https://registry.npmjs.org/bs-platform/-/bs-platform-8.3.1.tgz",
      "integrity": "sha512-U7nKEGF1BfvODzcv1g2loeltE8YRCgX8mMlCojImsgI0HwfQKEq7ggO5dF1ae9ZfFxiLaI0069ZyoK5GLBO2OQ==",
      "dev": true
    },
    "gl-matrix": {
      "version": "3.3.0",
      "resolved": "https://registry.npmjs.org/gl-matrix/-/gl-matrix-3.3.0.tgz",
      "integrity": "sha512-COb7LDz+SXaHtl/h4LeaFcNdJdAQSDeVqjiIihSXNrkWObZLhDI4hIkZC11Aeqp7bcE72clzB0BnDXr2SmslRA=="
    }
  }
}
