{
  "name": "reprocessing",
  "version": "1.0.0",
  "lockfileVersion": 1,
  "requires": true,
  "dependencies": {
    "@bsansouci/reasongl-web": {
      "version": "1.0.0",
      "resolved": "https://registry.npmjs.org/@bsansouci/reasongl-web/-/reasongl-web-1.0.0.tgz",
      "integrity": "sha512-+SHGj5t8j+TCDFHFu6wOrd5KKMSp7M7cGG3Q6kv7zJ4goWzeVgpZwqre7yJaWcOdFor9g9PInGKrDdTmRySgPQ==",
      "requires": {
        "gl-matrix": "*"
      }
    },
    "bs-platform": {
      "version": "8.3.3",
      "resolved": "https://registry.npmjs.org/bs-platform/-/bs-platform-8.3.3.tgz",
      "integrity": "sha512-ayS5wdvrOX6PxU2wX7O2rLllzsQDzmGq582NNDFwfM6b9HQu7ki242Pc46o2/CnGHHumKVarpX0IZzjC2Llgcg==",
      "dev": true
    },
    "gl-matrix": {
      "version": "3.3.0",
      "resolved": "https://registry.npmjs.org/gl-matrix/-/gl-matrix-3.3.0.tgz",
      "integrity": "sha512-COb7LDz+SXaHtl/h4LeaFcNdJdAQSDeVqjiIihSXNrkWObZLhDI4hIkZC11Aeqp7bcE72clzB0BnDXr2SmslRA=="
    }
  }
}
